
Microsoft Visual Studio Solution File, Format Version 12.00
# Visual Studio Version 17
VisualStudioVersion = 17.8.34511.84
MinimumVisualStudioVersion = 10.0.40219.1
Project("{FAE04EC0-301F-11D3-BF4B-00C04F79EFBC}") = "Concesionaria", "Concesionaria.csproj", "{F3591E96-4781-422C-8AFC-4C2DF156846B}"
EndProject
Global
	GlobalSection(SolutionConfigurationPlatforms) = preSolution
		Debug|Any CPU = Debug|Any CPU
		Release|Any CPU = Release|Any CPU
	EndGlobalSection
	GlobalSection(ProjectConfigurationPlatforms) = postSolution
		{F3591E96-4781-422C-8AFC-4C2DF156846B}.Debug|Any CPU.ActiveCfg = Debug|Any CPU
		{F3591E96-4781-422C-8AFC-4C2DF156846B}.Debug|Any CPU.Build.0 = Debug|Any CPU
		{F3591E96-4781-422C-8AFC-4C2DF156846B}.Release|Any CPU.ActiveCfg = Release|Any CPU
		{F3591E96-4781-422C-8AFC-4C2DF156846B}.Release|Any CPU.Build.0 = Release|Any CPU
	EndGlobalSection
	GlobalSection(SolutionProperties) = preSolution
		HideSolutionNode = FALSE
	EndGlobalSection
	GlobalSection(ExtensibilityGlobals) = postSolution
		SolutionGuid = {A7DEEBB4-ACBC-4E42-BB2A-5A744B5E1F94}
	EndGlobalSection
EndGlobal
